
Microsoft Visual Studio Solution File, Format Version 12.00
# Visual Studio 2013
VisualStudioVersion = 12.0.30723.0
MinimumVisualStudioVersion = 10.0.40219.1
Project("{FAE04EC0-301F-11D3-BF4B-00C04F79EFBC}") = "jQueryAjaxForm.Web", "jQueryAjaxForm.Web\jQueryAjaxForm.Web.csproj", "{ECEC991F-E968-4B22-B897-1CAFD309351B}"
EndProject
Global
	GlobalSection(SolutionConfigurationPlatforms) = preSolution
		Debug|Any CPU = Debug|Any CPU
		Release|Any CPU = Release|Any CPU
	EndGlobalSection
	GlobalSection(ProjectConfigurationPlatforms) = postSolution
		{ECEC991F-E968-4B22-B897-1CAFD309351B}.Debug|Any CPU.ActiveCfg = Debug|Any CPU
		{ECEC991F-E968-4B22-B897-1CAFD309351B}.Debug|Any CPU.Build.0 = Debug|Any CPU
		{ECEC991F-E968-4B22-B897-1CAFD309351B}.Release|Any CPU.ActiveCfg = Release|Any CPU
		{ECEC991F-E968-4B22-B897-1CAFD309351B}.Release|Any CPU.Build.0 = Release|Any CPU
	EndGlobalSection
	GlobalSection(SolutionProperties) = preSolution
		HideSolutionNode = FALSE
	EndGlobalSection
EndGlobal
